
Microsoft Visual Studio Solution File, Format Version 12.00
# Visual Studio Version 17
VisualStudioVersion = 17.14.36414.22 d17.14
MinimumVisualStudioVersion = 10.0.40219.1
Project("{FAE04EC0-301F-11D3-BF4B-00C04F79EFBC}") = "Patterns", "Patterns\Patterns.csproj", "{C8F4F3B1-AAC4-46DB-AF40-097A5F066FDE}"
EndProject
Global
	GlobalSection(SolutionConfigurationPlatforms) = preSolution
		Debug|Any CPU = Debug|Any CPU
		Release|Any CPU = Release|Any CPU
	EndGlobalSection
	GlobalSection(ProjectConfigurationPlatforms) = postSolution
		{C8F4F3B1-AAC4-46DB-AF40-097A5F066FDE}.Debug|Any CPU.ActiveCfg = Debug|Any CPU
		{C8F4F3B1-AAC4-46DB-AF40-097A5F066FDE}.Debug|Any CPU.Build.0 = Debug|Any CPU
		{C8F4F3B1-AAC4-46DB-AF40-097A5F066FDE}.Release|Any CPU.ActiveCfg = Release|Any CPU
		{C8F4F3B1-AAC4-46DB-AF40-097A5F066FDE}.Release|Any CPU.Build.0 = Release|Any CPU
	EndGlobalSection
	GlobalSection(SolutionProperties) = preSolution
		HideSolutionNode = FALSE
	EndGlobalSection
	GlobalSection(ExtensibilityGlobals) = postSolution
		SolutionGuid = {570227DD-259E-4283-8892-BA9A0B883F56}
	EndGlobalSection
EndGlobal
